PODS:
  - AwaitKit (5.2.0):
    - PromiseKit (~> 6)
  - PromiseKit (6.13.1):
    - PromiseKit/CorePromise (= 6.13.1)
    - PromiseKit/Foundation (= 6.13.1)
    - PromiseKit/UIKit (= 6.13.1)
  - PromiseKit/CorePromise (6.13.1)
  - PromiseKit/Foundation (6.13.1):
    - PromiseKit/CorePromise
  - PromiseKit/UIKit (6.13.1):
    - PromiseKit/CorePromise

DEPENDENCIES:
  - AwaitKit (~> 5.2.0)
  - PromiseKit (~> 6.8)

SPEC REPOS:
  trunk:
    - AwaitKit
    - PromiseKit

SPEC CHECKSUMS:
  AwaitKit: 512626cd12c82b1fbffddc8f414d0364cb456004
  PromiseKit: 28fda91c973cc377875d8c0ea4f973013c05b6db

PODFILE CHECKSUM: 520bb69de0e4245e0b4239f075bc5755545c6af1

COCOAPODS: 1.9.0.beta.2
