// !$*UTF8*$!
{
	archiveVersion = 1;
	classes = {
	};
	objectVersion = 46;
	objects = {

/* Begin PBXBuildFile section */
		0FD8E34A22A7274259CE9B5F /* Pods_eisenhower_eisenhowerUITests.framework in Frameworks */ = {isa = PBXBuildFile; fileRef = 0957AB3653F777582928B0EF /* Pods_eisenhower_eisenhowerUITests.framework */; };
		6D2B77238FBDA9A72D457740 /* Pods_eisenhower.framework in Frameworks */ = {isa = PBXBuildFile; fileRef = B1CDDCCD55A587E099F22CD5 /* Pods_eisenhower.framework */; };
		C434AAC523D72B240013C245 /* Requester.swift in Sources */ = {isa = PBXBuildFile; fileRef = C434AAC423D72B240013C245 /* Requester.swift */; };
		C434AAC723D7346F0013C245 /* UserRequester.swift in Sources */ = {isa = PBXBuildFile; fileRef = C434AAC623D7346F0013C245 /* UserRequester.swift */; };
		C434AAC923D7387D0013C245 /* Tasks.swift in Sources */ = {isa = PBXBuildFile; fileRef = C434AAC823D7387D0013C245 /* Tasks.swift */; };
		C434AACB23D739010013C245 /* TasksRequester.swift in Sources */ = {isa = PBXBuildFile; fileRef = C434AACA23D739010013C245 /* TasksRequester.swift */; };
		C44812FC23DF01EB00B13B79 /* ListTaskView.swift in Sources */ = {isa = PBXBuildFile; fileRef = C44812FB23DF01EB00B13B79 /* ListTaskView.swift */; };
		C4502C002418E7FB008C6DC1 /* UpdateTaskView.swift in Sources */ = {isa = PBXBuildFile; fileRef = C4502BFF2418E7FB008C6DC1 /* UpdateTaskView.swift */; };
		C462851D23D87AF2008D9287 /* LoginView.swift in Sources */ = {isa = PBXBuildFile; fileRef = C462851C23D87AF2008D9287 /* LoginView.swift */; };
		C462852023D87B8A008D9287 /* RegisterView.swift in Sources */ = {isa = PBXBuildFile; fileRef = C462851F23D87B8A008D9287 /* RegisterView.swift */; };
		C462852323D993BA008D9287 /* MatrixView.swift in Sources */ = {isa = PBXBuildFile; fileRef = C462852223D993BA008D9287 /* MatrixView.swift */; };
		C462852523D9D0CC008D9287 /* AddTaskView.swift in Sources */ = {isa = PBXBuildFile; fileRef = C462852423D9D0CC008D9287 /* AddTaskView.swift */; };
		C4EEB72023CF22A10012E338 /* User.swift in Sources */ = {isa = PBXBuildFile; fileRef = C4EEB71F23CF22A10012E338 /* User.swift */; };
		C4EEB72223CF7E110012E338 /* EisonhowerRequester.swift in Sources */ = {isa = PBXBuildFile; fileRef = C4EEB72123CF7E100012E338 /* EisonhowerRequester.swift */; };
		C4FE0D0F23E2DCF80085BB78 /* Date.swift in Sources */ = {isa = PBXBuildFile; fileRef = C4FE0D0E23E2DCF80085BB78 /* Date.swift */; };
		C4FE0D1123E2E0840085BB78 /* TaskView.swift in Sources */ = {isa = PBXBuildFile; fileRef = C4FE0D1023E2E0840085BB78 /* TaskView.swift */; };
		C4FE0D1323E2E0F40085BB78 /* Color.swift in Sources */ = {isa = PBXBuildFile; fileRef = C4FE0D1223E2E0F40085BB78 /* Color.swift */; };
		D39F30B4FA3C2A0D1E2BA528 /* SceneDelegate.swift in Sources */ = {isa = PBXBuildFile; fileRef = D39F3F2D45EB5BA36881CD13 /* SceneDelegate.swift */; };
		D39F30FA4B459B63837F1883 /* Preview Assets.xcassets in Resources */ = {isa = PBXBuildFile; fileRef = D39F31961F7DD31700F2A480 /* Preview Assets.xcassets */; };
		D39F33C5D694DDCE3A27CB2B /* eisenhowerTests.swift in Sources */ = {isa = PBXBuildFile; fileRef = D39F39FF21C9AA13C04EC5C2 /* eisenhowerTests.swift */; };
		D39F3A5664F1511A3B51EDAD /* Assets.xcassets in Resources */ = {isa = PBXBuildFile; fileRef = D39F3FADB604BD13F761CE30 /* Assets.xcassets */; };
		D39F3B201E61890162F99454 /* AppDelegate.swift in Sources */ = {isa = PBXBuildFile; fileRef = D39F3E62CF7AC0085B4E8FEE /* AppDelegate.swift */; };
		D39F3BA2635F07DA1A02285C /* eisenhowerUITests.swift in Sources */ = {isa = PBXBuildFile; fileRef = D39F35C1C2C9658DC6E36839 /* eisenhowerUITests.swift */; };
		EF35AE4658589DB0BFC0F04E /* Pods_eisenhowerTests.framework in Frameworks */ = {isa = PBXBuildFile; fileRef = 80EE6CEB5BF4AF7B8CE5F191 /* Pods_eisenhowerTests.framework */; };
/* End PBXBuildFile section */

/* Begin PBXContainerItemProxy section */
		D39F36657DFBFF757F748EAA /* PBXContainerItemProxy */ = {
			isa = PBXContainerItemProxy;
			containerPortal = D39F3940DDEB7F066ADD9677 /* Project object */;
			proxyType = 1;
			remoteGlobalIDString = D39F363D320EF430012E9569;
			remoteInfo = eisenhower;
		};
		D39F3AE9EC52B9B8B02CCDD2 /* PBXContainerItemProxy */ = {
			isa = PBXContainerItemProxy;
			containerPortal = D39F3940DDEB7F066ADD9677 /* Project object */;
			proxyType = 1;
			remoteGlobalIDString = D39F363D320EF430012E9569;
			remoteInfo = eisenhower;
		};
/* End PBXContainerItemProxy section */

/* Begin PBXFileReference section */
		0957AB3653F777582928B0EF /* Pods_eisenhower_eisenhowerUITests.framework */ = {isa = PBXFileReference; explicitFileType = wrapper.framework; includeInIndex = 0; path = Pods_eisenhower_eisenhowerUITests.framework; sourceTree = BUILT_PRODUCTS_DIR; };
		2885AEA446F2297F4C3ACF44 /* Pods-eisenhower-eisenhowerUITests.release.xcconfig */ = {isa = PBXFileReference; includeInIndex = 1; lastKnownFileType = text.xcconfig; name = "Pods-eisenhower-eisenhowerUITests.release.xcconfig"; path = "Target Support Files/Pods-eisenhower-eisenhowerUITests/Pods-eisenhower-eisenhowerUITests.release.xcconfig"; sourceTree = "<group>"; };
		500139282D768086BF9BC8FB /* Pods-eisenhowerTests.release.xcconfig */ = {isa = PBXFileReference; includeInIndex = 1; lastKnownFileType = text.xcconfig; name = "Pods-eisenhowerTests.release.xcconfig"; path = "Target Support Files/Pods-eisenhowerTests/Pods-eisenhowerTests.release.xcconfig"; sourceTree = "<group>"; };
		7AF76BB90F0A31A254F2AAE7 /* Pods-eisenhower.debug.xcconfig */ = {isa = PBXFileReference; includeInIndex = 1; lastKnownFileType = text.xcconfig; name = "Pods-eisenhower.debug.xcconfig"; path = "Target Support Files/Pods-eisenhower/Pods-eisenhower.debug.xcconfig"; sourceTree = "<group>"; };
		80EE6CEB5BF4AF7B8CE5F191 /* Pods_eisenhowerTests.framework */ = {isa = PBXFileReference; explicitFileType = wrapper.framework; includeInIndex = 0; path = Pods_eisenhowerTests.framework; sourceTree = BUILT_PRODUCTS_DIR; };
		B1CDDCCD55A587E099F22CD5 /* Pods_eisenhower.framework */ = {isa = PBXFileReference; explicitFileType = wrapper.framework; includeInIndex = 0; path = Pods_eisenhower.framework; sourceTree = BUILT_PRODUCTS_DIR; };
		B2620CEB88321A68E172CF21 /* Pods-eisenhowerTests.debug.xcconfig */ = {isa = PBXFileReference; includeInIndex = 1; lastKnownFileType = text.xcconfig; name = "Pods-eisenhowerTests.debug.xcconfig"; path = "Target Support Files/Pods-eisenhowerTests/Pods-eisenhowerTests.debug.xcconfig"; sourceTree = "<group>"; };
		C338B8182FB8030418F71A1E /* Pods-eisenhower.release.xcconfig */ = {isa = PBXFileReference; includeInIndex = 1; lastKnownFileType = text.xcconfig; name = "Pods-eisenhower.release.xcconfig"; path = "Target Support Files/Pods-eisenhower/Pods-eisenhower.release.xcconfig"; sourceTree = "<group>"; };
		C434AAC423D72B240013C245 /* Requester.swift */ = {isa = PBXFileReference; lastKnownFileType = sourcecode.swift; path = Requester.swift; sourceTree = "<group>"; };
		C434AAC623D7346F0013C245 /* UserRequester.swift */ = {isa = PBXFileReference; lastKnownFileType = sourcecode.swift; path = UserRequester.swift; sourceTree = "<group>"; };
		C434AAC823D7387D0013C245 /* Tasks.swift */ = {isa = PBXFileReference; lastKnownFileType = sourcecode.swift; path = Tasks.swift; sourceTree = "<group>"; };
		C434AACA23D739010013C245 /* TasksRequester.swift */ = {isa = PBXFileReference; lastKnownFileType = sourcecode.swift; path = TasksRequester.swift; sourceTree = "<group>"; };
		C44812FB23DF01EB00B13B79 /* ListTaskView.swift */ = {isa = PBXFileReference; lastKnownFileType = sourcecode.swift; path = ListTaskView.swift; sourceTree = "<group>"; };
		C4502BFF2418E7FB008C6DC1 /* UpdateTaskView.swift */ = {isa = PBXFileReference; lastKnownFileType = sourcecode.swift; path = UpdateTaskView.swift; sourceTree = "<group>"; };
		C462851C23D87AF2008D9287 /* LoginView.swift */ = {isa = PBXFileReference; lastKnownFileType = sourcecode.swift; path = LoginView.swift; sourceTree = "<group>"; };
		C462851F23D87B8A008D9287 /* RegisterView.swift */ = {isa = PBXFileReference; lastKnownFileType = sourcecode.swift; path = RegisterView.swift; sourceTree = "<group>"; };
		C462852223D993BA008D9287 /* MatrixView.swift */ = {isa = PBXFileReference; lastKnownFileType = sourcecode.swift; path = MatrixView.swift; sourceTree = "<group>"; };
		C462852423D9D0CC008D9287 /* AddTaskView.swift */ = {isa = PBXFileReference; lastKnownFileType = sourcecode.swift; path = AddTaskView.swift; sourceTree = "<group>"; };
		C4EEB71F23CF22A10012E338 /* User.swift */ = {isa = PBXFileReference; lastKnownFileType = sourcecode.swift; path = User.swift; sourceTree = "<group>"; };
		C4EEB72123CF7E100012E338 /* EisonhowerRequester.swift */ = {isa = PBXFileReference; lastKnownFileType = sourcecode.swift; path = EisonhowerRequester.swift; sourceTree = "<group>"; };
		C4FE0D0E23E2DCF80085BB78 /* Date.swift */ = {isa = PBXFileReference; lastKnownFileType = sourcecode.swift; path = Date.swift; sourceTree = "<group>"; };
		C4FE0D1023E2E0840085BB78 /* TaskView.swift */ = {isa = PBXFileReference; lastKnownFileType = sourcecode.swift; path = TaskView.swift; sourceTree = "<group>"; };
		C4FE0D1223E2E0F40085BB78 /* Color.swift */ = {isa = PBXFileReference; lastKnownFileType = sourcecode.swift; path = Color.swift; sourceTree = "<group>"; };
		D39F31907A1E6C7500AE7417 /* eisenhowerTests.xctest */ = {isa = PBXFileReference; explicitFileType = wrapper.cfbundle; includeInIndex = 0; path = eisenhowerTests.xctest; sourceTree = BUILT_PRODUCTS_DIR; };
		D39F31961F7DD31700F2A480 /* Preview Assets.xcassets */ = {isa = PBXFileReference; lastKnownFileType = folder.assetcatalog; path = "Preview Assets.xcassets"; sourceTree = "<group>"; };
		D39F325FD38F02FBF656EFD1 /* Base */ = {isa = PBXFileReference; lastKnownFileType = file.storyboard; name = Base; path = Base.lproj/LaunchScreen.storyboard; sourceTree = "<group>"; };
		D39F34DA95BC2CE1BBA078BA /* Info.plist */ = {isa = PBXFileReference; lastKnownFileType = text.plist.info; path = Info.plist; sourceTree = "<group>"; };
		D39F35C1C2C9658DC6E36839 /* eisenhowerUITests.swift */ = {isa = PBXFileReference; lastKnownFileType = sourcecode.swift; path = eisenhowerUITests.swift; sourceTree = "<group>"; };
		D39F36A17A516B7D705AB3E3 /* eisenhower.app */ = {isa = PBXFileReference; explicitFileType = wrapper.application; includeInIndex = 0; path = eisenhower.app; sourceTree = BUILT_PRODUCTS_DIR; };
		D39F39FF21C9AA13C04EC5C2 /* eisenhowerTests.swift */ = {isa = PBXFileReference; lastKnownFileType = sourcecode.swift; path = eisenhowerTests.swift; sourceTree = "<group>"; };
		D39F3AF0DE4DB11C16399076 /* Info.plist */ = {isa = PBXFileReference; lastKnownFileType = text.plist.info; path = Info.plist; sourceTree = "<group>"; };
		D39F3B51FE275945761B42AC /* Info.plist */ = {isa = PBXFileReference; lastKnownFileType = text.plist.info; path = Info.plist; sourceTree = "<group>"; };
		D39F3CBECE7EDAB0401C1406 /* eisenhowerUITests.xctest */ = {isa = PBXFileReference; explicitFileType = wrapper.cfbundle; includeInIndex = 0; path = eisenhowerUITests.xctest; sourceTree = BUILT_PRODUCTS_DIR; };
		D39F3E62CF7AC0085B4E8FEE /* AppDelegate.swift */ = {isa = PBXFileReference; lastKnownFileType = sourcecode.swift; path = AppDelegate.swift; sourceTree = "<group>"; };
		D39F3F2D45EB5BA36881CD13 /* SceneDelegate.swift */ = {isa = PBXFileReference; lastKnownFileType = sourcecode.swift; path = SceneDelegate.swift; sourceTree = "<group>"; };
		D39F3FADB604BD13F761CE30 /* Assets.xcassets */ = {isa = PBXFileReference; lastKnownFileType = folder.assetcatalog; path = Assets.xcassets; sourceTree = "<group>"; };
		FD90E25954852528E03C2EFD /* Pods-eisenhower-eisenhowerUITests.debug.xcconfig */ = {isa = PBXFileReference; includeInIndex = 1; lastKnownFileType = text.xcconfig; name = "Pods-eisenhower-eisenhowerUITests.debug.xcconfig"; path = "Target Support Files/Pods-eisenhower-eisenhowerUITests/Pods-eisenhower-eisenhowerUITests.debug.xcconfig"; sourceTree = "<group>"; };
/* End PBXFileReference section */

/* Begin PBXFrameworksBuildPhase section */
		D39F38BC949EBEFDE1FF66BB /* Frameworks */ = {
			isa = PBXFrameworksBuildPhase;
			buildActionMask = 2147483647;
			files = (
				EF35AE4658589DB0BFC0F04E /* Pods_eisenhowerTests.framework in Frameworks */,
			);
			runOnlyForDeploymentPostprocessing = 0;
		};
		D39F3ADC16A47C528384F418 /* Frameworks */ = {
			isa = PBXFrameworksBuildPhase;
			buildActionMask = 2147483647;
			files = (
				0FD8E34A22A7274259CE9B5F /* Pods_eisenhower_eisenhowerUITests.framework in Frameworks */,
			);
			runOnlyForDeploymentPostprocessing = 0;
		};
		D39F3F1EE4385C1F2A3FC32B /* Frameworks */ = {
			isa = PBXFrameworksBuildPhase;
			buildActionMask = 2147483647;
			files = (
				6D2B77238FBDA9A72D457740 /* Pods_eisenhower.framework in Frameworks */,
			);
			runOnlyForDeploymentPostprocessing = 0;
		};
/* End PBXFrameworksBuildPhase section */

/* Begin PBXGroup section */
		48552BE8D2C7535E725936A0 /* Pods */ = {
			isa = PBXGroup;
			children = (
				7AF76BB90F0A31A254F2AAE7 /* Pods-eisenhower.debug.xcconfig */,
				C338B8182FB8030418F71A1E /* Pods-eisenhower.release.xcconfig */,
				FD90E25954852528E03C2EFD /* Pods-eisenhower-eisenhowerUITests.debug.xcconfig */,
				2885AEA446F2297F4C3ACF44 /* Pods-eisenhower-eisenhowerUITests.release.xcconfig */,
				B2620CEB88321A68E172CF21 /* Pods-eisenhowerTests.debug.xcconfig */,
				500139282D768086BF9BC8FB /* Pods-eisenhowerTests.release.xcconfig */,
			);
			path = Pods;
			sourceTree = "<group>";
		};
		510BB08FB25C2591B6613472 /* Frameworks */ = {
			isa = PBXGroup;
			children = (
				B1CDDCCD55A587E099F22CD5 /* Pods_eisenhower.framework */,
				0957AB3653F777582928B0EF /* Pods_eisenhower_eisenhowerUITests.framework */,
				80EE6CEB5BF4AF7B8CE5F191 /* Pods_eisenhowerTests.framework */,
			);
			name = Frameworks;
			sourceTree = "<group>";
		};
		C462851E23D87B4C008D9287 /* Views */ = {
			isa = PBXGroup;
			children = (
				C462851C23D87AF2008D9287 /* LoginView.swift */,
				C462851F23D87B8A008D9287 /* RegisterView.swift */,
				C462852223D993BA008D9287 /* MatrixView.swift */,
				C462852423D9D0CC008D9287 /* AddTaskView.swift */,
				C44812FB23DF01EB00B13B79 /* ListTaskView.swift */,
				C4FE0D1023E2E0840085BB78 /* TaskView.swift */,
				C4502BFF2418E7FB008C6DC1 /* UpdateTaskView.swift */,
			);
			path = Views;
			sourceTree = "<group>";
		};
		C462852123D87C6C008D9287 /* Classes */ = {
			isa = PBXGroup;
			children = (
				C4EEB71F23CF22A10012E338 /* User.swift */,
				C4EEB72123CF7E100012E338 /* EisonhowerRequester.swift */,
				C434AAC423D72B240013C245 /* Requester.swift */,
				C434AAC623D7346F0013C245 /* UserRequester.swift */,
				C434AAC823D7387D0013C245 /* Tasks.swift */,
				C434AACA23D739010013C245 /* TasksRequester.swift */,
			);
			name = Classes;
			path = eisenhower/Classes;
			sourceTree = SOURCE_ROOT;
		};
		C4FE0D0D23E2DCD80085BB78 /* Extensions */ = {
			isa = PBXGroup;
			children = (
				C4FE0D0E23E2DCF80085BB78 /* Date.swift */,
				C4FE0D1223E2E0F40085BB78 /* Color.swift */,
			);
			path = Extensions;
			sourceTree = "<group>";
		};
		D39F32D044FD99407B32A934 /* eisenhower */ = {
			isa = PBXGroup;
			children = (
				C4FE0D0D23E2DCD80085BB78 /* Extensions */,
				C462852123D87C6C008D9287 /* Classes */,
				C462851E23D87B4C008D9287 /* Views */,
				D39F3AF0DE4DB11C16399076 /* Info.plist */,
				D39F3FADB604BD13F761CE30 /* Assets.xcassets */,
				D39F3545D92399F29D6891CF /* LaunchScreen.storyboard */,
				D39F3E62CF7AC0085B4E8FEE /* AppDelegate.swift */,
				D39F3F2D45EB5BA36881CD13 /* SceneDelegate.swift */,
				D39F3B453C7A1889E82BF092 /* Preview Content */,
			);
			path = eisenhower;
			sourceTree = "<group>";
		};
		D39F341F2A22CDEAAEB43A88 = {
			isa = PBXGroup;
			children = (
				D39F3C14D0E9EA41BB02023F /* Products */,
				D39F32D044FD99407B32A934 /* eisenhower */,
				D39F3CBA922DC5051D16CAD3 /* eisenhowerTests */,
				D39F3FBE0C78A0AF9C846D55 /* eisenhowerUITests */,
				48552BE8D2C7535E725936A0 /* Pods */,
				510BB08FB25C2591B6613472 /* Frameworks */,
			);
			sourceTree = "<group>";
		};
		D39F3B453C7A1889E82BF092 /* Preview Content */ = {
			isa = PBXGroup;
			children = (
				D39F31961F7DD31700F2A480 /* Preview Assets.xcassets */,
			);
			path = "Preview Content";
			sourceTree = "<group>";
		};
		D39F3C14D0E9EA41BB02023F /* Products */ = {
			isa = PBXGroup;
			children = (
				D39F36A17A516B7D705AB3E3 /* eisenhower.app */,
				D39F31907A1E6C7500AE7417 /* eisenhowerTests.xctest */,
				D39F3CBECE7EDAB0401C1406 /* eisenhowerUITests.xctest */,
			);
			name = Products;
			sourceTree = "<group>";
		};
		D39F3CBA922DC5051D16CAD3 /* eisenhowerTests */ = {
			isa = PBXGroup;
			children = (
				D39F3B51FE275945761B42AC /* Info.plist */,
				D39F39FF21C9AA13C04EC5C2 /* eisenhowerTests.swift */,
			);
			path = eisenhowerTests;
			sourceTree = "<group>";
		};
		D39F3FBE0C78A0AF9C846D55 /* eisenhowerUITests */ = {
			isa = PBXGroup;
			children = (
				D39F34DA95BC2CE1BBA078BA /* Info.plist */,
				D39F35C1C2C9658DC6E36839 /* eisenhowerUITests.swift */,
			);
			path = eisenhowerUITests;
			sourceTree = "<group>";
		};
/* End PBXGroup section */

/* Begin PBXNativeTarget section */
		D39F363D320EF430012E9569 /* eisenhower */ = {
			isa = PBXNativeTarget;
			buildConfigurationList = D39F37C2E522DE862D816414 /* Build configuration list for PBXNativeTarget "eisenhower" */;
			buildPhases = (
				F4B492D747F90F76B0F7EA77 /* [CP] Check Pods Manifest.lock */,
				D39F3FD70E55EECB6E72ED12 /* Sources */,
				D39F3F1EE4385C1F2A3FC32B /* Frameworks */,
				D39F31B3963A47BF03F288BA /* Resources */,
				714EA8D4F21E1B8973F999EA /* [CP] Embed Pods Frameworks */,
			);
			buildRules = (
			);
			dependencies = (
			);
			name = eisenhower;
			productName = eisenhower;
			productReference = D39F36A17A516B7D705AB3E3 /* eisenhower.app */;
			productType = "com.apple.product-type.application";
		};
		D39F36D3DFBCD3BB1942B34F /* eisenhowerTests */ = {
			isa = PBXNativeTarget;
			buildConfigurationList = D39F3BC18D53EFAA9E908FB7 /* Build configuration list for PBXNativeTarget "eisenhowerTests" */;
			buildPhases = (
				03DC1A1DFD78C9FC7EB542B4 /* [CP] Check Pods Manifest.lock */,
				D39F32FEC74F09D9EF83B524 /* Sources */,
				D39F38BC949EBEFDE1FF66BB /* Frameworks */,
				D39F3EB5AB6AB6EB836DC7CB /* Resources */,
			);
			buildRules = (
			);
			dependencies = (
				D39F3C248A927ACFA63C564D /* PBXTargetDependency */,
			);
			name = eisenhowerTests;
			productName = eisenhowerTests;
			productReference = D39F31907A1E6C7500AE7417 /* eisenhowerTests.xctest */;
			productType = "com.apple.product-type.bundle.unit-test";
		};
		D39F38DC642E5FC13AB2AFD4 /* eisenhowerUITests */ = {
			isa = PBXNativeTarget;
			buildConfigurationList = D39F316E291C790A8130B915 /* Build configuration list for PBXNativeTarget "eisenhowerUITests" */;
			buildPhases = (
				B20F6B0286BF6BBA9E77E078 /* [CP] Check Pods Manifest.lock */,
				D39F35545929F3B9D4E220B0 /* Sources */,
				D39F3ADC16A47C528384F418 /* Frameworks */,
				D39F397E9C48AABE9A8B5982 /* Resources */,
				A09926F7BA1872F7EAA8BBDE /* [CP] Embed Pods Frameworks */,
			);
			buildRules = (
			);
			dependencies = (
				D39F319F4976129B654BFF6A /* PBXTargetDependency */,
			);
			name = eisenhowerUITests;
			productName = eisenhowerUITests;
			productReference = D39F3CBECE7EDAB0401C1406 /* eisenhowerUITests.xctest */;
			productType = "com.apple.product-type.bundle.ui-testing";
		};
/* End PBXNativeTarget section */

/* Begin PBXProject section */
		D39F3940DDEB7F066ADD9677 /* Project object */ = {
			isa = PBXProject;
			attributes = {
				LastUpgradeCheck = 1130;
				ORGANIZATIONNAME = epitech;
			};
			buildConfigurationList = D39F3A895D52095759DE5D62 /* Build configuration list for PBXProject "eisenhower" */;
			compatibilityVersion = "Xcode 3.2";
			developmentRegion = en;
			hasScannedForEncodings = 0;
			knownRegions = (
				en,
				Base,
			);
			mainGroup = D39F341F2A22CDEAAEB43A88;
			productRefGroup = D39F3C14D0E9EA41BB02023F /* Products */;
			projectDirPath = "";
			projectRoot = "";
			targets = (
				D39F363D320EF430012E9569 /* eisenhower */,
				D39F36D3DFBCD3BB1942B34F /* eisenhowerTests */,
				D39F38DC642E5FC13AB2AFD4 /* eisenhowerUITests */,
			);
		};
/* End PBXProject section */

/* Begin PBXResourcesBuildPhase section */
		D39F31B3963A47BF03F288BA /* Resources */ = {
			isa = PBXResourcesBuildPhase;
			buildActionMask = 2147483647;
			files = (
				D39F3A5664F1511A3B51EDAD /* Assets.xcassets in Resources */,
				D39F30FA4B459B63837F1883 /* Preview Assets.xcassets in Resources */,
			);
			runOnlyForDeploymentPostprocessing = 0;
		};
		D39F397E9C48AABE9A8B5982 /* Resources */ = {
			isa = PBXResourcesBuildPhase;
			buildActionMask = 2147483647;
			files = (
			);
			runOnlyForDeploymentPostprocessing = 0;
		};
		D39F3EB5AB6AB6EB836DC7CB /* Resources */ = {
			isa = PBXResourcesBuildPhase;
			buildActionMask = 2147483647;
			files = (
			);
			runOnlyForDeploymentPostprocessing = 0;
		};
/* End PBXResourcesBuildPhase section */

/* Begin PBXShellScriptBuildPhase section */
		03DC1A1DFD78C9FC7EB542B4 /* [CP] Check Pods Manifest.lock */ = {
			isa = PBXShellScriptBuildPhase;
			buildActionMask = 2147483647;
			files = (
			);
			inputFileListPaths = (
			);
			inputPaths = (
				"${PODS_PODFILE_DIR_PATH}/Podfile.lock",
				"${PODS_ROOT}/Manifest.lock",
			);
			name = "[CP] Check Pods Manifest.lock";
			outputFileListPaths = (
			);
			outputPaths = (
				"$(DERIVED_FILE_DIR)/Pods-eisenhowerTests-checkManifestLockResult.txt",
			);
			runOnlyForDeploymentPostprocessing = 0;
			shellPath = /bin/sh;
			shellScript = "diff \"${PODS_PODFILE_DIR_PATH}/Podfile.lock\" \"${PODS_ROOT}/Manifest.lock\" > /dev/null\nif [ $? != 0 ] ; then\n    # print error to STDERR\n    echo \"error: The sandbox is not in sync with the Podfile.lock. Run 'pod install' or update your CocoaPods installation.\" >&2\n    exit 1\nfi\n# This output is used by Xcode 'outputs' to avoid re-running this script phase.\necho \"SUCCESS\" > \"${SCRIPT_OUTPUT_FILE_0}\"\n";
			showEnvVarsInLog = 0;
		};
		714EA8D4F21E1B8973F999EA /* [CP] Embed Pods Frameworks */ = {
			isa = PBXShellScriptBuildPhase;
			buildActionMask = 2147483647;
			files = (
			);
			inputPaths = (
				"${PODS_ROOT}/Target Support Files/Pods-eisenhower/Pods-eisenhower-frameworks.sh",
				"${BUILT_PRODUCTS_DIR}/AwaitKit/AwaitKit.framework",
				"${BUILT_PRODUCTS_DIR}/PromiseKit/PromiseKit.framework",
			);
			name = "[CP] Embed Pods Frameworks";
			outputPaths = (
				"${TARGET_BUILD_DIR}/${FRAMEWORKS_FOLDER_PATH}/AwaitKit.framework",
				"${TARGET_BUILD_DIR}/${FRAMEWORKS_FOLDER_PATH}/PromiseKit.framework",
			);
			runOnlyForDeploymentPostprocessing = 0;
			shellPath = /bin/sh;
			shellScript = "\"${PODS_ROOT}/Target Support Files/Pods-eisenhower/Pods-eisenhower-frameworks.sh\"\n";
			showEnvVarsInLog = 0;
		};
		A09926F7BA1872F7EAA8BBDE /* [CP] Embed Pods Frameworks */ = {
			isa = PBXShellScriptBuildPhase;
			buildActionMask = 2147483647;
			files = (
			);
			inputPaths = (
				"${PODS_ROOT}/Target Support Files/Pods-eisenhower-eisenhowerUITests/Pods-eisenhower-eisenhowerUITests-frameworks.sh",
				"${BUILT_PRODUCTS_DIR}/AwaitKit/AwaitKit.framework",
				"${BUILT_PRODUCTS_DIR}/PromiseKit/PromiseKit.framework",
			);
			name = "[CP] Embed Pods Frameworks";
			outputPaths = (
				"${TARGET_BUILD_DIR}/${FRAMEWORKS_FOLDER_PATH}/AwaitKit.framework",
				"${TARGET_BUILD_DIR}/${FRAMEWORKS_FOLDER_PATH}/PromiseKit.framework",
			);
			runOnlyForDeploymentPostprocessing = 0;
			shellPath = /bin/sh;
			shellScript = "\"${PODS_ROOT}/Target Support Files/Pods-eisenhower-eisenhowerUITests/Pods-eisenhower-eisenhowerUITests-frameworks.sh\"\n";
			showEnvVarsInLog = 0;
		};
		B20F6B0286BF6BBA9E77E078 /* [CP] Check Pods Manifest.lock */ = {
			isa = PBXShellScriptBuildPhase;
			buildActionMask = 2147483647;
			files = (
			);
			inputFileListPaths = (
			);
			inputPaths = (
				"${PODS_PODFILE_DIR_PATH}/Podfile.lock",
				"${PODS_ROOT}/Manifest.lock",
			);
			name = "[CP] Check Pods Manifest.lock";
			outputFileListPaths = (
			);
			outputPaths = (
				"$(DERIVED_FILE_DIR)/Pods-eisenhower-eisenhowerUITests-checkManifestLockResult.txt",
			);
			runOnlyForDeploymentPostprocessing = 0;
			shellPath = /bin/sh;
			shellScript = "diff \"${PODS_PODFILE_DIR_PATH}/Podfile.lock\" \"${PODS_ROOT}/Manifest.lock\" > /dev/null\nif [ $? != 0 ] ; then\n    # print error to STDERR\n    echo \"error: The sandbox is not in sync with the Podfile.lock. Run 'pod install' or update your CocoaPods installation.\" >&2\n    exit 1\nfi\n# This output is used by Xcode 'outputs' to avoid re-running this script phase.\necho \"SUCCESS\" > \"${SCRIPT_OUTPUT_FILE_0}\"\n";
			showEnvVarsInLog = 0;
		};
		F4B492D747F90F76B0F7EA77 /* [CP] Check Pods Manifest.lock */ = {
			isa = PBXShellScriptBuildPhase;
			buildActionMask = 2147483647;
			files = (
			);
			inputFileListPaths = (
			);
			inputPaths = (
				"${PODS_PODFILE_DIR_PATH}/Podfile.lock",
				"${PODS_ROOT}/Manifest.lock",
			);
			name = "[CP] Check Pods Manifest.lock";
			outputFileListPaths = (
			);
			outputPaths = (
				"$(DERIVED_FILE_DIR)/Pods-eisenhower-checkManifestLockResult.txt",
			);
			runOnlyForDeploymentPostprocessing = 0;
			shellPath = /bin/sh;
			shellScript = "diff \"${PODS_PODFILE_DIR_PATH}/Podfile.lock\" \"${PODS_ROOT}/Manifest.lock\" > /dev/null\nif [ $? != 0 ] ; then\n    # print error to STDERR\n    echo \"error: The sandbox is not in sync with the Podfile.lock. Run 'pod install' or update your CocoaPods installation.\" >&2\n    exit 1\nfi\n# This output is used by Xcode 'outputs' to avoid re-running this script phase.\necho \"SUCCESS\" > \"${SCRIPT_OUTPUT_FILE_0}\"\n";
			showEnvVarsInLog = 0;
		};
/* End PBXShellScriptBuildPhase section */

/* Begin PBXSourcesBuildPhase section */
		D39F32FEC74F09D9EF83B524 /* Sources */ = {
			isa = PBXSourcesBuildPhase;
			buildActionMask = 2147483647;
			files = (
				D39F33C5D694DDCE3A27CB2B /* eisenhowerTests.swift in Sources */,
			);
			runOnlyForDeploymentPostprocessing = 0;
		};
		D39F35545929F3B9D4E220B0 /* Sources */ = {
			isa = PBXSourcesBuildPhase;
			buildActionMask = 2147483647;
			files = (
				D39F3BA2635F07DA1A02285C /* eisenhowerUITests.swift in Sources */,
			);
			runOnlyForDeploymentPostprocessing = 0;
		};
		D39F3FD70E55EECB6E72ED12 /* Sources */ = {
			isa = PBXSourcesBuildPhase;
			buildActionMask = 2147483647;
			files = (
				C462852023D87B8A008D9287 /* RegisterView.swift in Sources */,
				C4EEB72023CF22A10012E338 /* User.swift in Sources */,
				C434AAC723D7346F0013C245 /* UserRequester.swift in Sources */,
				C4FE0D1123E2E0840085BB78 /* TaskView.swift in Sources */,
				D39F3B201E61890162F99454 /* AppDelegate.swift in Sources */,
				C4FE0D1323E2E0F40085BB78 /* Color.swift in Sources */,
				C434AAC523D72B240013C245 /* Requester.swift in Sources */,
				C44812FC23DF01EB00B13B79 /* ListTaskView.swift in Sources */,
				C434AAC923D7387D0013C245 /* Tasks.swift in Sources */,
				C4EEB72223CF7E110012E338 /* EisonhowerRequester.swift in Sources */,
				D39F30B4FA3C2A0D1E2BA528 /* SceneDelegate.swift in Sources */,
				C4FE0D0F23E2DCF80085BB78 /* Date.swift in Sources */,
				C462851D23D87AF2008D9287 /* LoginView.swift in Sources */,
				C434AACB23D739010013C245 /* TasksRequester.swift in Sources */,
				C4502C002418E7FB008C6DC1 /* UpdateTaskView.swift in Sources */,
				C462852323D993BA008D9287 /* MatrixView.swift in Sources */,
				C462852523D9D0CC008D9287 /* AddTaskView.swift in Sources */,
			);
			runOnlyForDeploymentPostprocessing = 0;
		};
/* End PBXSourcesBuildPhase section */

/* Begin PBXTargetDependency section */
		D39F319F4976129B654BFF6A /* PBXTargetDependency */ = {
			isa = PBXTargetDependency;
			target = D39F363D320EF430012E9569 /* eisenhower */;
			targetProxy = D39F36657DFBFF757F748EAA /* PBXContainerItemProxy */;
		};
		D39F3C248A927ACFA63C564D /* PBXTargetDependency */ = {
			isa = PBXTargetDependency;
			target = D39F363D320EF430012E9569 /* eisenhower */;
			targetProxy = D39F3AE9EC52B9B8B02CCDD2 /* PBXContainerItemProxy */;
		};
/* End PBXTargetDependency section */

/* Begin PBXVariantGroup section */
		D39F3545D92399F29D6891CF /* LaunchScreen.storyboard */ = {
			isa = PBXVariantGroup;
			children = (
				D39F325FD38F02FBF656EFD1 /* Base */,
			);
			name = LaunchScreen.storyboard;
			sourceTree = "<group>";
		};
/* End PBXVariantGroup section */

/* Begin XCBuildConfiguration section */
		D39F3273768364D15F64CA54 /* Release */ = {
			isa = XCBuildConfiguration;
			baseConfigurationReference = 2885AEA446F2297F4C3ACF44 /* Pods-eisenhower-eisenhowerUITests.release.xcconfig */;
			buildSettings = {
				INFOPLIST_FILE = eisenhowerUITests/Info.plist;
				LD_RUNPATH_SEARCH_PATHS = "$(inherited) @executable_path/Frameworks @loader_path/Frameworks";
				PRODUCT_BUNDLE_IDENTIFIER = epitech.eisenhowerUITests;
				PRODUCT_NAME = "$(TARGET_NAME)";
				SWIFT_VERSION = 5.0;
				TARGETED_DEVICE_FAMILY = "1,2";
				TEST_TARGET_NAME = eisenhower;
			};
			name = Release;
		};
		D39F35C6E6877832D4783435 /* Release */ = {
			isa = XCBuildConfiguration;
			baseConfigurationReference = 500139282D768086BF9BC8FB /* Pods-eisenhowerTests.release.xcconfig */;
			buildSettings = {
				BUNDLE_LOADER = "$(BUILT_PRODUCTS_DIR)/eisenhower.app/eisenhower";
				INFOPLIST_FILE = eisenhowerTests/Info.plist;
				LD_RUNPATH_SEARCH_PATHS = "$(inherited) @executable_path/Frameworks @loader_path/Frameworks";
				PRODUCT_BUNDLE_IDENTIFIER = epitech.eisenhowerTests;
				PRODUCT_NAME = "$(TARGET_NAME)";
				SWIFT_VERSION = 5.0;
				TARGETED_DEVICE_FAMILY = "1,2";
				TEST_HOST = "$(BUNDLE_LOADER)";
			};
			name = Release;
		};
		D39F35F3957B037724B83908 /* Release */ = {
			isa = XCBuildConfiguration;
			baseConfigurationReference = C338B8182FB8030418F71A1E /* Pods-eisenhower.release.xcconfig */;
			buildSettings = {
				ASSETCATALOG_COMPILER_APPICON_NAME = AppIcon;
				DEVELOPMENT_ASSET_PATHS = "\"eisenhower/Preview Content\"";
				DEVELOPMENT_TEAM = "";
				ENABLE_PREVIEWS = YES;
				INFOPLIST_FILE = eisenhower/Info.plist;
				LD_RUNPATH_SEARCH_PATHS = "$(inherited) @executable_path/Frameworks";
				PRODUCT_BUNDLE_IDENTIFIER = epitech.eisenhower;
				PRODUCT_NAME = "$(TARGET_NAME)";
				SWIFT_VERSION = 5.0;
				TARGETED_DEVICE_FAMILY = "1,2";
			};
			name = Release;
		};
		D39F3690BBC9B0C614CFAFE3 /* Release */ = {
			isa = XCBuildConfiguration;
			buildSettings = {
				ALWAYS_SEARCH_USER_PATHS = NO;
				CLANG_ANALYZER_LOCALIZABILITY_NONLOCALIZED = YES;
				CLANG_ANALYZER_NONNULL = YES;
				CLANG_ANALYZER_NUMBER_OBJECT_CONVERSION = YES_AGGRESSIVE;
				CLANG_CXX_LANGUAGE_STANDARD = "gnu++14";
				CLANG_CXX_LIBRARY = "libc++";
				CLANG_ENABLE_MODULES = YES;
				CLANG_ENABLE_OBJC_ARC = YES;
				CLANG_ENABLE_OBJC_WEAK = YES;
				CLANG_WARN_BLOCK_CAPTURE_AUTORELEASING = YES;
				CLANG_WARN_BOOL_CONVERSION = YES;
				CLANG_WARN_COMMA = YES;
				CLANG_WARN_CONSTANT_CONVERSION = YES;
				CLANG_WARN_DEPRECATED_OBJC_IMPLEMENTATIONS = YES;
				CLANG_WARN_DIRECT_OBJC_ISA_USAGE = YES_ERROR;
				CLANG_WARN_DOCUMENTATION_COMMENTS = YES;
				CLANG_WARN_EMPTY_BODY = YES;
				CLANG_WARN_ENUM_CONVERSION = YES;
				CLANG_WARN_INFINITE_RECURSION = YES;
				CLANG_WARN_INT_CONVERSION = YES;
				CLANG_WARN_NON_LITERAL_NULL_CONVERSION = YES;
				CLANG_WARN_OBJC_IMPLICIT_RETAIN_SELF = YES;
				CLANG_WARN_OBJC_LITERAL_CONVERSION = YES;
				CLANG_WARN_OBJC_ROOT_CLASS = YES_ERROR;
				CLANG_WARN_RANGE_LOOP_ANALYSIS = YES;
				CLANG_WARN_STRICT_PROTOTYPES = YES;
				CLANG_WARN_SUSPICIOUS_MOVE = YES;
				CLANG_WARN_UNGUARDED_AVAILABILITY = YES_AGGRESSIVE;
				CLANG_WARN_UNREACHABLE_CODE = YES;
				CLANG_WARN__DUPLICATE_METHOD_MATCH = YES;
				COPY_PHASE_STRIP = NO;
				DEBUG_INFORMATION_FORMAT = "dwarf-with-dsym";
				ENABLE_NS_ASSERTIONS = NO;
				ENABLE_STRICT_OBJC_MSGSEND = YES;
				GCC_C_LANGUAGE_STANDARD = gnu11;
				GCC_NO_COMMON_BLOCKS = YES;
				GCC_WARN_64_TO_32_BIT_CONVERSION = YES;
				GCC_WARN_ABOUT_RETURN_TYPE = YES_ERROR;
				GCC_WARN_UNDECLARED_SELECTOR = YES;
				GCC_WARN_UNINITIALIZED_AUTOS = YES_AGGRESSIVE;
				GCC_WARN_UNUSED_FUNCTION = YES;
				GCC_WARN_UNUSED_VARIABLE = YES;
				IPHONEOS_DEPLOYMENT_TARGET = 13.2;
				MTL_ENABLE_DEBUG_INFO = NO;
				MTL_FAST_MATH = YES;
				SDKROOT = iphoneos;
				SWIFT_OPTIMIZATION_LEVEL = "-Owholemodule";
				VALIDATE_PRODUCT = YES;
			};
			name = Release;
		};
		D39F37A94A007DC2C6452792 /* Debug */ = {
			isa = XCBuildConfiguration;
			baseConfigurationReference = B2620CEB88321A68E172CF21 /* Pods-eisenhowerTests.debug.xcconfig */;
			buildSettings = {
				BUNDLE_LOADER = "$(BUILT_PRODUCTS_DIR)/eisenhower.app/eisenhower";
				INFOPLIST_FILE = eisenhowerTests/Info.plist;
				LD_RUNPATH_SEARCH_PATHS = "$(inherited) @executable_path/Frameworks @loader_path/Frameworks";
				PRODUCT_BUNDLE_IDENTIFIER = epitech.eisenhowerTests;
				PRODUCT_NAME = "$(TARGET_NAME)";
				SWIFT_VERSION = 5.0;
				TARGETED_DEVICE_FAMILY = "1,2";
				TEST_HOST = "$(BUNDLE_LOADER)";
			};
			name = Debug;
		};
		D39F38A519904B032B21DD84 /* Debug */ = {
			isa = XCBuildConfiguration;
			buildSettings = {
				ALWAYS_SEARCH_USER_PATHS = NO;
				CLANG_ANALYZER_LOCALIZABILITY_NONLOCALIZED = YES;
				CLANG_ANALYZER_NONNULL = YES;
				CLANG_ANALYZER_NUMBER_OBJECT_CONVERSION = YES_AGGRESSIVE;
				CLANG_CXX_LANGUAGE_STANDARD = "gnu++14";
				CLANG_CXX_LIBRARY = "libc++";
				CLANG_ENABLE_MODULES = YES;
				CLANG_ENABLE_OBJC_ARC = YES;
				CLANG_ENABLE_OBJC_WEAK = YES;
				CLANG_WARN_BLOCK_CAPTURE_AUTORELEASING = YES;
				CLANG_WARN_BOOL_CONVERSION = YES;
				CLANG_WARN_COMMA = YES;
				CLANG_WARN_CONSTANT_CONVERSION = YES;
				CLANG_WARN_DEPRECATED_OBJC_IMPLEMENTATIONS = YES;
				CLANG_WARN_DIRECT_OBJC_ISA_USAGE = YES_ERROR;
				CLANG_WARN_DOCUMENTATION_COMMENTS = YES;
				CLANG_WARN_EMPTY_BODY = YES;
				CLANG_WARN_ENUM_CONVERSION = YES;
				CLANG_WARN_INFINITE_RECURSION = YES;
				CLANG_WARN_INT_CONVERSION = YES;
				CLANG_WARN_NON_LITERAL_NULL_CONVERSION = YES;
				CLANG_WARN_OBJC_IMPLICIT_RETAIN_SELF = YES;
				CLANG_WARN_OBJC_LITERAL_CONVERSION = YES;
				CLANG_WARN_OBJC_ROOT_CLASS = YES_ERROR;
				CLANG_WARN_RANGE_LOOP_ANALYSIS = YES;
				CLANG_WARN_STRICT_PROTOTYPES = YES;
				CLANG_WARN_SUSPICIOUS_MOVE = YES;
				CLANG_WARN_UNGUARDED_AVAILABILITY = YES_AGGRESSIVE;
				CLANG_WARN_UNREACHABLE_CODE = YES;
				CLANG_WARN__DUPLICATE_METHOD_MATCH = YES;
				COPY_PHASE_STRIP = NO;
				DEBUG_INFORMATION_FORMAT = dwarf;
				ENABLE_STRICT_OBJC_MSGSEND = YES;
				ENABLE_TESTABILITY = YES;
				GCC_C_LANGUAGE_STANDARD = gnu11;
				GCC_DYNAMIC_NO_PIC = NO;
				GCC_NO_COMMON_BLOCKS = YES;
				GCC_OPTIMIZATION_LEVEL = 0;
				GCC_PREPROCESSOR_DEFINITIONS = (
					"DEBUG=1",
					"$(inherited)",
				);
				GCC_WARN_64_TO_32_BIT_CONVERSION = YES;
				GCC_WARN_ABOUT_RETURN_TYPE = YES_ERROR;
				GCC_WARN_UNDECLARED_SELECTOR = YES;
				GCC_WARN_UNINITIALIZED_AUTOS = YES_AGGRESSIVE;
				GCC_WARN_UNUSED_FUNCTION = YES;
				GCC_WARN_UNUSED_VARIABLE = YES;
				IPHONEOS_DEPLOYMENT_TARGET = 13.2;
				MTL_ENABLE_DEBUG_INFO = INCLUDE_SOURCE;
				MTL_FAST_MATH = YES;
				ONLY_ACTIVE_ARCH = YES;
				SDKROOT = iphoneos;
				SWIFT_ACTIVE_COMPILATION_CONDITIONS = DEBUG;
				SWIFT_OPTIMIZATION_LEVEL = "-Onone";
			};
			name = Debug;
		};
		D39F3A51ED019B71A7645EB3 /* Debug */ = {
			isa = XCBuildConfiguration;
			baseConfigurationReference = FD90E25954852528E03C2EFD /* Pods-eisenhower-eisenhowerUITests.debug.xcconfig */;
			buildSettings = {
				INFOPLIST_FILE = eisenhowerUITests/Info.plist;
				LD_RUNPATH_SEARCH_PATHS = "$(inherited) @executable_path/Frameworks @loader_path/Frameworks";
				PRODUCT_BUNDLE_IDENTIFIER = epitech.eisenhowerUITests;
				PRODUCT_NAME = "$(TARGET_NAME)";
				SWIFT_VERSION = 5.0;
				TARGETED_DEVICE_FAMILY = "1,2";
				TEST_TARGET_NAME = eisenhower;
			};
			name = Debug;
		};
		D39F3C43205ED65385754290 /* Debug */ = {
			isa = XCBuildConfiguration;
			baseConfigurationReference = 7AF76BB90F0A31A254F2AAE7 /* Pods-eisenhower.debug.xcconfig */;
			buildSettings = {
				ASSETCATALOG_COMPILER_APPICON_NAME = AppIcon;
				DEVELOPMENT_ASSET_PATHS = "\"eisenhower/Preview Content\"";
				DEVELOPMENT_TEAM = "";
				ENABLE_PREVIEWS = YES;
				INFOPLIST_FILE = eisenhower/Info.plist;
				LD_RUNPATH_SEARCH_PATHS = "$(inherited) @executable_path/Frameworks";
				PRODUCT_BUNDLE_IDENTIFIER = epitech.eisenhower;
				PRODUCT_NAME = "$(TARGET_NAME)";
				SWIFT_VERSION = 5.0;
				TARGETED_DEVICE_FAMILY = "1,2";
			};
			name = Debug;
		};
/* End XCBuildConfiguration section */

/* Begin XCConfigurationList section */
		D39F316E291C790A8130B915 /* Build configuration list for PBXNativeTarget "eisenhowerUITests" */ = {
			isa = XCConfigurationList;
			buildConfigurations = (
				D39F3A51ED019B71A7645EB3 /* Debug */,
				D39F3273768364D15F64CA54 /* Release */,
			);
			defaultConfigurationIsVisible = 0;
			defaultConfigurationName = Release;
		};
		D39F37C2E522DE862D816414 /* Build configuration list for PBXNativeTarget "eisenhower" */ = {
			isa = XCConfigurationList;
			buildConfigurations = (
				D39F3C43205ED65385754290 /* Debug */,
				D39F35F3957B037724B83908 /* Release */,
			);
			defaultConfigurationIsVisible = 0;
			defaultConfigurationName = Release;
		};
		D39F3A895D52095759DE5D62 /* Build configuration list for PBXProject "eisenhower" */ = {
			isa = XCConfigurationList;
			buildConfigurations = (
				D39F38A519904B032B21DD84 /* Debug */,
				D39F3690BBC9B0C614CFAFE3 /* Release */,
			);
			defaultConfigurationIsVisible = 0;
			defaultConfigurationName = Release;
		};
		D39F3BC18D53EFAA9E908FB7 /* Build configuration list for PBXNativeTarget "eisenhowerTests" */ = {
			isa = XCConfigurationList;
			buildConfigurations = (
				D39F37A94A007DC2C6452792 /* Debug */,
				D39F35C6E6877832D4783435 /* Release */,
			);
			defaultConfigurationIsVisible = 0;
			defaultConfigurationName = Release;
		};
/* End XCConfigurationList section */
	};
	rootObject = D39F3940DDEB7F066ADD9677 /* Project object */;
}
